// !$*UTF8*$!
{
	archiveVersion = 1;
	classes = {
	};
	objectVersion = 50;
	objects = {

/* Begin PBXBuildFile section */
		2918F64D21595023001FEAEE /* RegistroViewController.swift in Sources */ = {isa = PBXBuildFile; fileRef = 2918F64C21595023001FEAEE /* RegistroViewController.swift */; };
		2918F64F215953B7001FEAEE /* ListaUsuariosViewController.swift in Sources */ = {isa = PBXBuildFile; fileRef = 2918F64E215953B7001FEAEE /* ListaUsuariosViewController.swift */; };
		2918F6512159638E001FEAEE /* ListaAlbunsViewController.swift in Sources */ = {isa = PBXBuildFile; fileRef = 2918F6502159638E001FEAEE /* ListaAlbunsViewController.swift */; };
		2984336C21592CCF005EC34B /* AppDelegate.swift in Sources */ = {isa = PBXBuildFile; fileRef = 2984336B21592CCF005EC34B /* AppDelegate.swift */; };
		2984336E21592CCF005EC34B /* EntrarViewController.swift in Sources */ = {isa = PBXBuildFile; fileRef = 2984336D21592CCF005EC34B /* EntrarViewController.swift */; };
		2984337121592CCF005EC34B /* Main.storyboard in Resources */ = {isa = PBXBuildFile; fileRef = 2984336F21592CCF005EC34B /* Main.storyboard */; };
		2984337421592CCF005EC34B /* iosSkillTest.xcdatamodeld in Sources */ = {isa = PBXBuildFile; fileRef = 2984337221592CCF005EC34B /* iosSkillTest.xcdatamodeld */; };
		2984337621592CD0005EC34B /* Assets.xcassets in Resources */ = {isa = PBXBuildFile; fileRef = 2984337521592CD0005EC34B /* Assets.xcassets */; };
		2984337921592CD0005EC34B /* LaunchScreen.storyboard in Resources */ = {isa = PBXBuildFile; fileRef = 2984337721592CD0005EC34B /* LaunchScreen.storyboard */; };
		29DF3E862159D9790047999D /* Album.swift in Sources */ = {isa = PBXBuildFile; fileRef = 29DF3E852159D9790047999D /* Album.swift */; };
		29DF3E882159DC400047999D /* AlbumService.swift in Sources */ = {isa = PBXBuildFile; fileRef = 29DF3E872159DC400047999D /* AlbumService.swift */; };
		29DF3E8A2159DEED0047999D /* AlbumTableViewCell.swift in Sources */ = {isa = PBXBuildFile; fileRef = 29DF3E892159DEED0047999D /* AlbumTableViewCell.swift */; };
		29DF3E8D2159E09B0047999D /* ReusableView.swift in Sources */ = {isa = PBXBuildFile; fileRef = 29DF3E8C2159E09B0047999D /* ReusableView.swift */; };
		29DF3E8F2159E0C00047999D /* NibLoadableView.swift in Sources */ = {isa = PBXBuildFile; fileRef = 29DF3E8E2159E0C00047999D /* NibLoadableView.swift */; };
		29DF3E982159EC190047999D /* UITableView+Extensions.swift in Sources */ = {isa = PBXBuildFile; fileRef = 29DF3E972159EC190047999D /* UITableView+Extensions.swift */; };
		29F2375B2159836D003DB700 /* UITextField+Extensions.swift in Sources */ = {isa = PBXBuildFile; fileRef = 29F2375A2159836D003DB700 /* UITextField+Extensions.swift */; };
		29F2375D2159848C003DB700 /* UIViewController+Extensions.swift in Sources */ = {isa = PBXBuildFile; fileRef = 29F2375C2159848C003DB700 /* UIViewController+Extensions.swift */; };
		E07403E6F62B3EE20CBBCE65 /* Pods_iosSkillTest.framework in Frameworks */ = {isa = PBXBuildFile; fileRef = 69BE02F687B51C7AEEECB8E6 /* Pods_iosSkillTest.framework */; };
/* End PBXBuildFile section */

/* Begin PBXFileReference section */
		2918F64C21595023001FEAEE /* RegistroViewController.swift */ = {isa = PBXFileReference; lastKnownFileType = sourcecode.swift; path = RegistroViewController.swift; sourceTree = "<group>"; };
		2918F64E215953B7001FEAEE /* ListaUsuariosViewController.swift */ = {isa = PBXFileReference; lastKnownFileType = sourcecode.swift; path = ListaUsuariosViewController.swift; sourceTree = "<group>"; };
		2918F6502159638E001FEAEE /* ListaAlbunsViewController.swift */ = {isa = PBXFileReference; lastKnownFileType = sourcecode.swift; path = ListaAlbunsViewController.swift; sourceTree = "<group>"; };
		2984336821592CCF005EC34B /* iosSkillTest.app */ = {isa = PBXFileReference; explicitFileType = wrapper.application; includeInIndex = 0; path = iosSkillTest.app; sourceTree = BUILT_PRODUCTS_DIR; };
		2984336B21592CCF005EC34B /* AppDelegate.swift */ = {isa = PBXFileReference; lastKnownFileType = sourcecode.swift; path = AppDelegate.swift; sourceTree = "<group>"; };
		2984336D21592CCF005EC34B /* EntrarViewController.swift */ = {isa = PBXFileReference; lastKnownFileType = sourcecode.swift; path = EntrarViewController.swift; sourceTree = "<group>"; };
		2984337021592CCF005EC34B /* Base */ = {isa = PBXFileReference; lastKnownFileType = file.storyboard; name = Base; path = Base.lproj/Main.storyboard; sourceTree = "<group>"; };
		2984337321592CCF005EC34B /* iosSkillTest.xcdatamodel */ = {isa = PBXFileReference; lastKnownFileType = wrapper.xcdatamodel; path = iosSkillTest.xcdatamodel; sourceTree = "<group>"; };
		2984337521592CD0005EC34B /* Assets.xcassets */ = {isa = PBXFileReference; lastKnownFileType = folder.assetcatalog; path = Assets.xcassets; sourceTree = "<group>"; };
		2984337821592CD0005EC34B /* Base */ = {isa = PBXFileReference; lastKnownFileType = file.storyboard; name = Base; path = Base.lproj/LaunchScreen.storyboard; sourceTree = "<group>"; };
		2984337A21592CD0005EC34B /* Info.plist */ = {isa = PBXFileReference; lastKnownFileType = text.plist.xml; path = Info.plist; sourceTree = "<group>"; };
		29DF3E852159D9790047999D /* Album.swift */ = {isa = PBXFileReference; fileEncoding = 4; lastKnownFileType = sourcecode.swift; path = Album.swift; sourceTree = "<group>"; };
		29DF3E872159DC400047999D /* AlbumService.swift */ = {isa = PBXFileReference; lastKnownFileType = sourcecode.swift; path = AlbumService.swift; sourceTree = "<group>"; };
		29DF3E892159DEED0047999D /* AlbumTableViewCell.swift */ = {isa = PBXFileReference; lastKnownFileType = sourcecode.swift; path = AlbumTableViewCell.swift; sourceTree = "<group>"; };
		29DF3E8C2159E09B0047999D /* ReusableView.swift */ = {isa = PBXFileReference; lastKnownFileType = sourcecode.swift; path = ReusableView.swift; sourceTree = "<group>"; };
		29DF3E8E2159E0C00047999D /* NibLoadableView.swift */ = {isa = PBXFileReference; lastKnownFileType = sourcecode.swift; path = NibLoadableView.swift; sourceTree = "<group>"; };
		29DF3E972159EC190047999D /* UITableView+Extensions.swift */ = {isa = PBXFileReference; lastKnownFileType = sourcecode.swift; path = "UITableView+Extensions.swift"; sourceTree = "<group>"; };
		29F2375A2159836D003DB700 /* UITextField+Extensions.swift */ = {isa = PBXFileReference; lastKnownFileType = sourcecode.swift; path = "UITextField+Extensions.swift"; sourceTree = "<group>"; };
		29F2375C2159848C003DB700 /* UIViewController+Extensions.swift */ = {isa = PBXFileReference; lastKnownFileType = sourcecode.swift; path = "UIViewController+Extensions.swift"; sourceTree = "<group>"; };
		69BE02F687B51C7AEEECB8E6 /* Pods_iosSkillTest.framework */ = {isa = PBXFileReference; explicitFileType = wrapper.framework; includeInIndex = 0; path = Pods_iosSkillTest.framework; sourceTree = BUILT_PRODUCTS_DIR; };
		6E8D6AD73567FA138AEC6773 /* Pods-iosSkillTest.release.xcconfig */ = {isa = PBXFileReference; includeInIndex = 1; lastKnownFileType = text.xcconfig; name = "Pods-iosSkillTest.release.xcconfig"; path = "Pods/Target Support Files/Pods-iosSkillTest/Pods-iosSkillTest.release.xcconfig"; sourceTree = "<group>"; };
		B42DA2C28F140EB54768755F /* Pods-iosSkillTest.debug.xcconfig */ = {isa = PBXFileReference; includeInIndex = 1; lastKnownFileType = text.xcconfig; name = "Pods-iosSkillTest.debug.xcconfig"; path = "Pods/Target Support Files/Pods-iosSkillTest/Pods-iosSkillTest.debug.xcconfig"; sourceTree = "<group>"; };
/* End PBXFileReference section */

/* Begin PBXFrameworksBuildPhase section */
		2984336521592CCF005EC34B /* Frameworks */ = {
			isa = PBXFrameworksBuildPhase;
			buildActionMask = 2147483647;
			files = (
				E07403E6F62B3EE20CBBCE65 /* Pods_iosSkillTest.framework in Frameworks */,
			);
			runOnlyForDeploymentPostprocessing = 0;
		};
/* End PBXFrameworksBuildPhase section */

/* Begin PBXGroup section */
		2984335F21592CCF005EC34B = {
			isa = PBXGroup;
			children = (
				2984336A21592CCF005EC34B /* iosSkillTest */,
				2984336921592CCF005EC34B /* Products */,
				CBCC6D957249977C70AB30D0 /* Pods */,
				F1831DE9A21406B3F4F18331 /* Frameworks */,
			);
			sourceTree = "<group>";
		};
		2984336921592CCF005EC34B /* Products */ = {
			isa = PBXGroup;
			children = (
				2984336821592CCF005EC34B /* iosSkillTest.app */,
			);
			name = Products;
			sourceTree = "<group>";
		};
		2984336A21592CCF005EC34B /* iosSkillTest */ = {
			isa = PBXGroup;
			children = (
				2984337A21592CD0005EC34B /* Info.plist */,
				29DF3E962159E5E40047999D /* Services */,
				2984336B21592CCF005EC34B /* AppDelegate.swift */,
				2984337521592CD0005EC34B /* Assets.xcassets */,
				29DF3E902159E4D50047999D /* Entidades */,
				29F2375921598356003DB700 /* Extensões */,
				2984337221592CCF005EC34B /* iosSkillTest.xcdatamodeld */,
				29DF3E8B2159E08C0047999D /* Protocolos */,
				29DF3E952159E52F0047999D /* Storyboards */,
				29DF3E942159E51D0047999D /* TableViewCells */,
				29DF3E932159E5130047999D /* ViewControllers */,
			);
			path = iosSkillTest;
			sourceTree = "<group>";
		};
		29DF3E8B2159E08C0047999D /* Protocolos */ = {
			isa = PBXGroup;
			children = (
				29DF3E8C2159E09B0047999D /* ReusableView.swift */,
				29DF3E8E2159E0C00047999D /* NibLoadableView.swift */,
			);
			path = Protocolos;
			sourceTree = "<group>";
		};
		29DF3E902159E4D50047999D /* Entidades */ = {
			isa = PBXGroup;
			children = (
				29DF3E852159D9790047999D /* Album.swift */,
			);
			path = Entidades;
			sourceTree = "<group>";
		};
		29DF3E912159E4F30047999D /* Usuários */ = {
			isa = PBXGroup;
			children = (
				2918F64E215953B7001FEAEE /* ListaUsuariosViewController.swift */,
				2984336D21592CCF005EC34B /* EntrarViewController.swift */,
				2918F64C21595023001FEAEE /* RegistroViewController.swift */,
			);
			name = "Usuários";
			path = "Usuários";
			sourceTree = "<group>";
		};
		29DF3E922159E5060047999D /* Albuns */ = {
			isa = PBXGroup;
			children = (
				2918F6502159638E001FEAEE /* ListaAlbunsViewController.swift */,
			);
			path = Albuns;
			sourceTree = "<group>";
		};
		29DF3E932159E5130047999D /* ViewControllers */ = {
			isa = PBXGroup;
			children = (
				29DF3E912159E4F30047999D /* Usuários */,
				29DF3E922159E5060047999D /* Albuns */,
			);
			path = ViewControllers;
			sourceTree = "<group>";
		};
		29DF3E942159E51D0047999D /* TableViewCells */ = {
			isa = PBXGroup;
			children = (
				29DF3E892159DEED0047999D /* AlbumTableViewCell.swift */,
			);
			path = TableViewCells;
			sourceTree = "<group>";
		};
		29DF3E952159E52F0047999D /* Storyboards */ = {
			isa = PBXGroup;
			children = (
				2984336F21592CCF005EC34B /* Main.storyboard */,
				2984337721592CD0005EC34B /* LaunchScreen.storyboard */,
			);
			path = Storyboards;
			sourceTree = "<group>";
		};
		29DF3E962159E5E40047999D /* Services */ = {
			isa = PBXGroup;
			children = (
				29DF3E872159DC400047999D /* AlbumService.swift */,
			);
			path = Services;
			sourceTree = "<group>";
		};
		29F2375921598356003DB700 /* Extensões */ = {
			isa = PBXGroup;
			children = (
				29F2375A2159836D003DB700 /* UITextField+Extensions.swift */,
				29F2375C2159848C003DB700 /* UIViewController+Extensions.swift */,
				29DF3E972159EC190047999D /* UITableView+Extensions.swift */,
			);
			name = "Extensões";
			path = "Extensões";
			sourceTree = "<group>";
		};
		CBCC6D957249977C70AB30D0 /* Pods */ = {
			isa = PBXGroup;
			children = (
				B42DA2C28F140EB54768755F /* Pods-iosSkillTest.debug.xcconfig */,
				6E8D6AD73567FA138AEC6773 /* Pods-iosSkillTest.release.xcconfig */,
			);
			name = Pods;
			sourceTree = "<group>";
		};
		F1831DE9A21406B3F4F18331 /* Frameworks */ = {
			isa = PBXGroup;
			children = (
				69BE02F687B51C7AEEECB8E6 /* Pods_iosSkillTest.framework */,
			);
			name = Frameworks;
			sourceTree = "<group>";
		};
/* End PBXGroup section */

/* Begin PBXNativeTarget section */
		2984336721592CCF005EC34B /* iosSkillTest */ = {
			isa = PBXNativeTarget;
			buildConfigurationList = 2984337D21592CD0005EC34B /* Build configuration list for PBXNativeTarget "iosSkillTest" */;
			buildPhases = (
				E7F8531F2A01728035CF2575 /* [CP] Check Pods Manifest.lock */,
				2984336421592CCF005EC34B /* Sources */,
				2984336521592CCF005EC34B /* Frameworks */,
				2984336621592CCF005EC34B /* Resources */,
				0755F8185C39D0A0225FFE88 /* [CP] Embed Pods Frameworks */,
			);
			buildRules = (
			);
			dependencies = (
			);
			name = iosSkillTest;
			productName = iosSkillTest;
			productReference = 2984336821592CCF005EC34B /* iosSkillTest.app */;
			productType = "com.apple.product-type.application";
		};
/* End PBXNativeTarget section */

/* Begin PBXProject section */
		2984336021592CCF005EC34B /* Project object */ = {
			isa = PBXProject;
			attributes = {
				LastSwiftUpdateCheck = 1000;
				LastUpgradeCheck = 1000;
				ORGANIZATIONNAME = "Pedro Nascimento";
				TargetAttributes = {
					2984336721592CCF005EC34B = {
						CreatedOnToolsVersion = 10.0;
					};
				};
			};
			buildConfigurationList = 2984336321592CCF005EC34B /* Build configuration list for PBXProject "iosSkillTest" */;
			compatibilityVersion = "Xcode 9.3";
			developmentRegion = en;
			hasScannedForEncodings = 0;
			knownRegions = (
				en,
				Base,
			);
			mainGroup = 2984335F21592CCF005EC34B;
			productRefGroup = 2984336921592CCF005EC34B /* Products */;
			projectDirPath = "";
			projectRoot = "";
			targets = (
				2984336721592CCF005EC34B /* iosSkillTest */,
			);
		};
/* End PBXProject section */

/* Begin PBXResourcesBuildPhase section */
		2984336621592CCF005EC34B /* Resources */ = {
			isa = PBXResourcesBuildPhase;
			buildActionMask = 2147483647;
			files = (
				2984337921592CD0005EC34B /* LaunchScreen.storyboard in Resources */,
				2984337621592CD0005EC34B /* Assets.xcassets in Resources */,
				2984337121592CCF005EC34B /* Main.storyboard in Resources */,
			);
			runOnlyForDeploymentPostprocessing = 0;
		};
/* End PBXResourcesBuildPhase section */

/* Begin PBXShellScriptBuildPhase section */
		0755F8185C39D0A0225FFE88 /* [CP] Embed Pods Frameworks */ = {
			isa = PBXShellScriptBuildPhase;
			buildActionMask = 2147483647;
			files = (
			);
			inputPaths = (
				"${SRCROOT}/Pods/Target Support Files/Pods-iosSkillTest/Pods-iosSkillTest-frameworks.sh",
				"${BUILT_PRODUCTS_DIR}/Alamofire/Alamofire.framework",
				"${BUILT_PRODUCTS_DIR}/AlamofireObjectMapper/AlamofireObjectMapper.framework",
				"${BUILT_PRODUCTS_DIR}/Kingfisher/Kingfisher.framework",
				"${BUILT_PRODUCTS_DIR}/Moya/Moya.framework",
				"${BUILT_PRODUCTS_DIR}/ObjectMapper/ObjectMapper.framework",
				"${BUILT_PRODUCTS_DIR}/Result/Result.framework",
			);
			name = "[CP] Embed Pods Frameworks";
			outputPaths = (
				"${TARGET_BUILD_DIR}/${FRAMEWORKS_FOLDER_PATH}/Alamofire.framework",
				"${TARGET_BUILD_DIR}/${FRAMEWORKS_FOLDER_PATH}/AlamofireObjectMapper.framework",
				"${TARGET_BUILD_DIR}/${FRAMEWORKS_FOLDER_PATH}/Kingfisher.framework",
				"${TARGET_BUILD_DIR}/${FRAMEWORKS_FOLDER_PATH}/Moya.framework",
				"${TARGET_BUILD_DIR}/${FRAMEWORKS_FOLDER_PATH}/ObjectMapper.framework",
				"${TARGET_BUILD_DIR}/${FRAMEWORKS_FOLDER_PATH}/Result.framework",
			);
			runOnlyForDeploymentPostprocessing = 0;
			shellPath = /bin/sh;
			shellScript = "\"${SRCROOT}/Pods/Target Support Files/Pods-iosSkillTest/Pods-iosSkillTest-frameworks.sh\"\n";
			showEnvVarsInLog = 0;
		};
		E7F8531F2A01728035CF2575 /* [CP] Check Pods Manifest.lock */ = {
			isa = PBXShellScriptBuildPhase;
			buildActionMask = 2147483647;
			files = (
			);
			inputPaths = (
				"${PODS_PODFILE_DIR_PATH}/Podfile.lock",
				"${PODS_ROOT}/Manifest.lock",
			);
			name = "[CP] Check Pods Manifest.lock";
			outputPaths = (
				"$(DERIVED_FILE_DIR)/Pods-iosSkillTest-checkManifestLockResult.txt",
			);
			runOnlyForDeploymentPostprocessing = 0;
			shellPath = /bin/sh;
			shellScript = "diff \"${PODS_PODFILE_DIR_PATH}/Podfile.lock\" \"${PODS_ROOT}/Manifest.lock\" > /dev/null\nif [ $? != 0 ] ; then\n    # print error to STDERR\n    echo \"error: The sandbox is not in sync with the Podfile.lock. Run 'pod install' or update your CocoaPods installation.\" >&2\n    exit 1\nfi\n# This output is used by Xcode 'outputs' to avoid re-running this script phase.\necho \"SUCCESS\" > \"${SCRIPT_OUTPUT_FILE_0}\"\n";
			showEnvVarsInLog = 0;
		};
/* End PBXShellScriptBuildPhase section */

/* Begin PBXSourcesBuildPhase section */
		2984336421592CCF005EC34B /* Sources */ = {
			isa = PBXSourcesBuildPhase;
			buildActionMask = 2147483647;
			files = (
				29F2375B2159836D003DB700 /* UITextField+Extensions.swift in Sources */,
				29DF3E982159EC190047999D /* UITableView+Extensions.swift in Sources */,
				2984336E21592CCF005EC34B /* EntrarViewController.swift in Sources */,
				2918F64D21595023001FEAEE /* RegistroViewController.swift in Sources */,
				29DF3E8D2159E09B0047999D /* ReusableView.swift in Sources */,
				29DF3E8A2159DEED0047999D /* AlbumTableViewCell.swift in Sources */,
				29DF3E882159DC400047999D /* AlbumService.swift in Sources */,
				2918F64F215953B7001FEAEE /* ListaUsuariosViewController.swift in Sources */,
				29DF3E862159D9790047999D /* Album.swift in Sources */,
				29F2375D2159848C003DB700 /* UIViewController+Extensions.swift in Sources */,
				29DF3E8F2159E0C00047999D /* NibLoadableView.swift in Sources */,
				2918F6512159638E001FEAEE /* ListaAlbunsViewController.swift in Sources */,
				2984337421592CCF005EC34B /* iosSkillTest.xcdatamodeld in Sources */,
				2984336C21592CCF005EC34B /* AppDelegate.swift in Sources */,
			);
			runOnlyForDeploymentPostprocessing = 0;
		};
/* End PBXSourcesBuildPhase section */

/* Begin PBXVariantGroup section */
		2984336F21592CCF005EC34B /* Main.storyboard */ = {
			isa = PBXVariantGroup;
			children = (
				2984337021592CCF005EC34B /* Base */,
			);
			name = Main.storyboard;
			sourceTree = "<group>";
		};
		2984337721592CD0005EC34B /* LaunchScreen.storyboard */ = {
			isa = PBXVariantGroup;
			children = (
				2984337821592CD0005EC34B /* Base */,
			);
			name = LaunchScreen.storyboard;
			sourceTree = "<group>";
		};
/* End PBXVariantGroup section */

/* Begin XCBuildConfiguration section */
		2984337B21592CD0005EC34B /* Debug */ = {
			isa = XCBuildConfiguration;
			buildSettings = {
				ALWAYS_SEARCH_USER_PATHS = NO;
				CLANG_ANALYZER_NONNULL = YES;
				CLANG_ANALYZER_NUMBER_OBJECT_CONVERSION = YES_AGGRESSIVE;
				CLANG_CXX_LANGUAGE_STANDARD = "gnu++14";
				CLANG_CXX_LIBRARY = "libc++";
				CLANG_ENABLE_MODULES = YES;
				CLANG_ENABLE_OBJC_ARC = YES;
				CLANG_ENABLE_OBJC_WEAK = YES;
				CLANG_WARN_BLOCK_CAPTURE_AUTORELEASING = YES;
				CLANG_WARN_BOOL_CONVERSION = YES;
				CLANG_WARN_COMMA = YES;
				CLANG_WARN_CONSTANT_CONVERSION = YES;
				CLANG_WARN_DEPRECATED_OBJC_IMPLEMENTATIONS = YES;
				CLANG_WARN_DIRECT_OBJC_ISA_USAGE = YES_ERROR;
				CLANG_WARN_DOCUMENTATION_COMMENTS = YES;
				CLANG_WARN_EMPTY_BODY = YES;
				CLANG_WARN_ENUM_CONVERSION = YES;
				CLANG_WARN_INFINITE_RECURSION = YES;
				CLANG_WARN_INT_CONVERSION = YES;
				CLANG_WARN_NON_LITERAL_NULL_CONVERSION = YES;
				CLANG_WARN_OBJC_IMPLICIT_RETAIN_SELF = YES;
				CLANG_WARN_OBJC_LITERAL_CONVERSION = YES;
				CLANG_WARN_OBJC_ROOT_CLASS = YES_ERROR;
				CLANG_WARN_RANGE_LOOP_ANALYSIS = YES;
				CLANG_WARN_STRICT_PROTOTYPES = YES;
				CLANG_WARN_SUSPICIOUS_MOVE = YES;
				CLANG_WARN_UNGUARDED_AVAILABILITY = YES_AGGRESSIVE;
				CLANG_WARN_UNREACHABLE_CODE = YES;
				CLANG_WARN__DUPLICATE_METHOD_MATCH = YES;
				CODE_SIGN_IDENTITY = "iPhone Developer";
				COPY_PHASE_STRIP = NO;
				DEBUG_INFORMATION_FORMAT = dwarf;
				ENABLE_STRICT_OBJC_MSGSEND = YES;
				ENABLE_TESTABILITY = YES;
				GCC_C_LANGUAGE_STANDARD = gnu11;
				GCC_DYNAMIC_NO_PIC = NO;
				GCC_NO_COMMON_BLOCKS = YES;
				GCC_OPTIMIZATION_LEVEL = 0;
				GCC_PREPROCESSOR_DEFINITIONS = (
					"DEBUG=1",
					"$(inherited)",
				);
				GCC_WARN_64_TO_32_BIT_CONVERSION = YES;
				GCC_WARN_ABOUT_RETURN_TYPE = YES_ERROR;
				GCC_WARN_UNDECLARED_SELECTOR = YES;
				GCC_WARN_UNINITIALIZED_AUTOS = YES_AGGRESSIVE;
				GCC_WARN_UNUSED_FUNCTION = YES;
				GCC_WARN_UNUSED_VARIABLE = YES;
				IPHONEOS_DEPLOYMENT_TARGET = 12.0;
				MTL_ENABLE_DEBUG_INFO = INCLUDE_SOURCE;
				MTL_FAST_MATH = YES;
				ONLY_ACTIVE_ARCH = YES;
				SDKROOT = iphoneos;
				SWIFT_ACTIVE_COMPILATION_CONDITIONS = DEBUG;
				SWIFT_OPTIMIZATION_LEVEL = "-Onone";
			};
			name = Debug;
		};
		2984337C21592CD0005EC34B /* Release */ = {
			isa = XCBuildConfiguration;
			buildSettings = {
				ALWAYS_SEARCH_USER_PATHS = NO;
				CLANG_ANALYZER_NONNULL = YES;
				CLANG_ANALYZER_NUMBER_OBJECT_CONVERSION = YES_AGGRESSIVE;
				CLANG_CXX_LANGUAGE_STANDARD = "gnu++14";
				CLANG_CXX_LIBRARY = "libc++";
				CLANG_ENABLE_MODULES = YES;
				CLANG_ENABLE_OBJC_ARC = YES;
				CLANG_ENABLE_OBJC_WEAK = YES;
				CLANG_WARN_BLOCK_CAPTURE_AUTORELEASING = YES;
				CLANG_WARN_BOOL_CONVERSION = YES;
				CLANG_WARN_COMMA = YES;
				CLANG_WARN_CONSTANT_CONVERSION = YES;
				CLANG_WARN_DEPRECATED_OBJC_IMPLEMENTATIONS = YES;
				CLANG_WARN_DIRECT_OBJC_ISA_USAGE = YES_ERROR;
				CLANG_WARN_DOCUMENTATION_COMMENTS = YES;
				CLANG_WARN_EMPTY_BODY = YES;
				CLANG_WARN_ENUM_CONVERSION = YES;
				CLANG_WARN_INFINITE_RECURSION = YES;
				CLANG_WARN_INT_CONVERSION = YES;
				CLANG_WARN_NON_LITERAL_NULL_CONVERSION = YES;
				CLANG_WARN_OBJC_IMPLICIT_RETAIN_SELF = YES;
				CLANG_WARN_OBJC_LITERAL_CONVERSION = YES;
				CLANG_WARN_OBJC_ROOT_CLASS = YES_ERROR;
				CLANG_WARN_RANGE_LOOP_ANALYSIS = YES;
				CLANG_WARN_STRICT_PROTOTYPES = YES;
				CLANG_WARN_SUSPICIOUS_MOVE = YES;
				CLANG_WARN_UNGUARDED_AVAILABILITY = YES_AGGRESSIVE;
				CLANG_WARN_UNREACHABLE_CODE = YES;
				CLANG_WARN__DUPLICATE_METHOD_MATCH = YES;
				CODE_SIGN_IDENTITY = "iPhone Developer";
				COPY_PHASE_STRIP = NO;
				DEBUG_INFORMATION_FORMAT = "dwarf-with-dsym";
				ENABLE_NS_ASSERTIONS = NO;
				ENABLE_STRICT_OBJC_MSGSEND = YES;
				GCC_C_LANGUAGE_STANDARD = gnu11;
				GCC_NO_COMMON_BLOCKS = YES;
				GCC_WARN_64_TO_32_BIT_CONVERSION = YES;
				GCC_WARN_ABOUT_RETURN_TYPE = YES_ERROR;
				GCC_WARN_UNDECLARED_SELECTOR = YES;
				GCC_WARN_UNINITIALIZED_AUTOS = YES_AGGRESSIVE;
				GCC_WARN_UNUSED_FUNCTION = YES;
				GCC_WARN_UNUSED_VARIABLE = YES;
				IPHONEOS_DEPLOYMENT_TARGET = 12.0;
				MTL_ENABLE_DEBUG_INFO = NO;
				MTL_FAST_MATH = YES;
				SDKROOT = iphoneos;
				SWIFT_COMPILATION_MODE = wholemodule;
				SWIFT_OPTIMIZATION_LEVEL = "-O";
				VALIDATE_PRODUCT = YES;
			};
			name = Release;
		};
		2984337E21592CD0005EC34B /* Debug */ = {
			isa = XCBuildConfiguration;
			baseConfigurationReference = B42DA2C28F140EB54768755F /* Pods-iosSkillTest.debug.xcconfig */;
			buildSettings = {
				ASSETCATALOG_COMPILER_APPICON_NAME = AppIcon;
				CODE_SIGN_STYLE = Automatic;
				DEVELOPMENT_TEAM = YAZWA54K8Q;
				INFOPLIST_FILE = iosSkillTest/Info.plist;
				LD_RUNPATH_SEARCH_PATHS = (
					"$(inherited)",
					"@executable_path/Frameworks",
				);
				PRODUCT_BUNDLE_IDENTIFIER = com.pedrovcn.iosSkillTest;
				PRODUCT_NAME = "$(TARGET_NAME)";
				SWIFT_VERSION = 4.2;
				TARGETED_DEVICE_FAMILY = "1,2";
			};
			name = Debug;
		};
		2984337F21592CD0005EC34B /* Release */ = {
			isa = XCBuildConfiguration;
			baseConfigurationReference = 6E8D6AD73567FA138AEC6773 /* Pods-iosSkillTest.release.xcconfig */;
			buildSettings = {
				ASSETCATALOG_COMPILER_APPICON_NAME = AppIcon;
				CODE_SIGN_STYLE = Automatic;
				DEVELOPMENT_TEAM = YAZWA54K8Q;
				INFOPLIST_FILE = iosSkillTest/Info.plist;
				LD_RUNPATH_SEARCH_PATHS = (
					"$(inherited)",
					"@executable_path/Frameworks",
				);
				PRODUCT_BUNDLE_IDENTIFIER = com.pedrovcn.iosSkillTest;
				PRODUCT_NAME = "$(TARGET_NAME)";
				SWIFT_VERSION = 4.2;
				TARGETED_DEVICE_FAMILY = "1,2";
			};
			name = Release;
		};
/* End XCBuildConfiguration section */

/* Begin XCConfigurationList section */
		2984336321592CCF005EC34B /* Build configuration list for PBXProject "iosSkillTest" */ = {
			isa = XCConfigurationList;
			buildConfigurations = (
				2984337B21592CD0005EC34B /* Debug */,
				2984337C21592CD0005EC34B /* Release */,
			);
			defaultConfigurationIsVisible = 0;
			defaultConfigurationName = Release;
		};
		2984337D21592CD0005EC34B /* Build configuration list for PBXNativeTarget "iosSkillTest" */ = {
			isa = XCConfigurationList;
			buildConfigurations = (
				2984337E21592CD0005EC34B /* Debug */,
				2984337F21592CD0005EC34B /* Release */,
			);
			defaultConfigurationIsVisible = 0;
			defaultConfigurationName = Release;
		};
/* End XCConfigurationList section */

/* Begin XCVersionGroup section */
		2984337221592CCF005EC34B /* iosSkillTest.xcdatamodeld */ = {
			isa = XCVersionGroup;
			children = (
				2984337321592CCF005EC34B /* iosSkillTest.xcdatamodel */,
			);
			currentVersion = 2984337321592CCF005EC34B /* iosSkillTest.xcdatamodel */;
			path = iosSkillTest.xcdatamodeld;
			sourceTree = "<group>";
			versionGroupType = wrapper.xcdatamodel;
		};
/* End XCVersionGroup section */
	};
	rootObject = 2984336021592CCF005EC34B /* Project object */;
}
